
Microsoft Visual Studio Solution File, Format Version 12.00
Project("{FAE04EC0-301F-11D3-BF4B-00C04F79EFBC}") = "LINQ", "LINQ.csproj", "{CEA2762B-8850-475A-815B-4C862F75404C}"
EndProject
Global
	GlobalSection(SolutionConfigurationPlatforms) = preSolution
		Debug|Any CPU = Debug|Any CPU
		Release|Any CPU = Release|Any CPU
	EndGlobalSection
	GlobalSection(ProjectConfigurationPlatforms) = postSolution
		{CEA2762B-8850-475A-815B-4C862F75404C}.Debug|Any CPU.ActiveCfg = Debug|Any CPU
		{CEA2762B-8850-475A-815B-4C862F75404C}.Debug|Any CPU.Build.0 = Debug|Any CPU
		{CEA2762B-8850-475A-815B-4C862F75404C}.Release|Any CPU.ActiveCfg = Release|Any CPU
		{CEA2762B-8850-475A-815B-4C862F75404C}.Release|Any CPU.Build.0 = Release|Any CPU
	EndGlobalSection
EndGlobal
