
Microsoft Visual Studio Solution File, Format Version 12.00
Project("{FAE04EC0-301F-11D3-BF4B-00C04F79EFBC}") = "ManagerService", "ManagerService\ManagerService.csproj", "{1E607D24-7EDA-401A-9645-022941750BFC}"
EndProject
Global
	GlobalSection(SolutionConfigurationPlatforms) = preSolution
		Debug|Any CPU = Debug|Any CPU
		Release|Any CPU = Release|Any CPU
	EndGlobalSection
	GlobalSection(ProjectConfigurationPlatforms) = postSolution
		{1E607D24-7EDA-401A-9645-022941750BFC}.Debug|Any CPU.ActiveCfg = Debug|Any CPU
		{1E607D24-7EDA-401A-9645-022941750BFC}.Debug|Any CPU.Build.0 = Debug|Any CPU
		{1E607D24-7EDA-401A-9645-022941750BFC}.Release|Any CPU.ActiveCfg = Release|Any CPU
		{1E607D24-7EDA-401A-9645-022941750BFC}.Release|Any CPU.Build.0 = Release|Any CPU
	EndGlobalSection
EndGlobal
